golang.org/x/tools v0.0.0-20181015221341-0e57ebad1d6b3a6c2d423576b4455ba6818a15e2 h1:itkKOeffi4WGp8P78VMk1uYWe5KRTZAvtMe6HjLrr+8=
golang.org/x/tools v0.0.0-20181015221341-0e57ebad1d6b3a6c2d423576b4455ba6818a15e2/go.mod h1:n7NCudcB/nEzxVGmLbDWY5pfWTLqBcC2KZ6jyYvM4mQ=
golang.org/x/tools v0.0.0-20181017151246-e94054f4104a h1:e5hO6G35mxoKlyZkhHsjnNYgMkuDjWNZ1X9QUorPKgI=
golang.org/x/tools v0.0.0-20181017151246-e94054f4104a/go.mod h1:n7NCudcB/nEzxVGmLbDWY5pfWTLqBcC2KZ6jyYvM4mQ=
